{
  "lockfileVersion": 1,
  "configVersion": 0,
  "workspaces": {
    "": {
      "name": "opencode-chat",
      "dependencies": {
        "fastembed": "latest",
      },
      "devDependencies": {
        "@opencode-ai/plugin": "^1.0.201",
        "@types/node": "^20.0.0",
        "bun-types": "latest",
        "typescript": "^5.7.0",
      },
      "peerDependencies": {
        "@opencode-ai/plugin": "^1.0.201",
      },
    },
  },
  "packages": {
    "@anush008/tokenizers": ["@anush008/tokenizers@0.0.0", "", { "optionalDependencies": { "@anush008/tokenizers-darwin-universal": "0.0.0", "@anush008/tokenizers-linux-x64-gnu": "0.0.0", "@anush008/tokenizers-win32-x64-msvc": "0.0.0" } }, ""],

    "@anush008/tokenizers-darwin-universal": ["@anush008/tokenizers-darwin-universal@0.0.0", "", { "os": "darwin" }, "sha512-SACpWEooTjFX89dFKRVUhivMxxcZRtA3nJGVepdLyrwTkQ1TZQ8581B5JoXp0TcTMHfgnDaagifvVoBiFEdNCQ=="],

    "@anush008/tokenizers-linux-x64-gnu": ["@anush008/tokenizers-linux-x64-gnu@0.0.0", "", { "os": "linux", "cpu": "x64" }, ""],

    "@anush008/tokenizers-win32-x64-msvc": ["@anush008/tokenizers-win32-x64-msvc@0.0.0", "", { "os": "win32", "cpu": "x64" }, "sha512-/5kP0G96+Cr6947F0ZetXnmL31YCaN15dbNbh2NHg7TXXRwfqk95+JtPP5Q7v4jbR2xxAmuseBqB4H/V7zKWuw=="],

    "@huggingface/hub": ["@huggingface/hub@2.7.1", "", { "dependencies": { "@huggingface/tasks": "^0.19.64" }, "optionalDependencies": { "cli-progress": "^3.12.0" }, "bin": { "hfjs": "dist/cli.js" } }, ""],

    "@huggingface/tasks": ["@huggingface/tasks@0.19.74", "", {}, ""],

    "@isaacs/fs-minipass": ["@isaacs/fs-minipass@4.0.1", "", { "dependencies": { "minipass": "^7.0.4" } }, ""],

    "@opencode-ai/plugin": ["@opencode-ai/plugin@1.0.201", "", { "dependencies": { "@opencode-ai/sdk": "1.0.201", "zod": "4.1.8" } }, ""],

    "@opencode-ai/sdk": ["@opencode-ai/sdk@1.0.201", "", {}, ""],

    "@types/node": ["@types/node@20.19.27", "", { "dependencies": { "undici-types": "~6.21.0" } }, ""],

    "ansi-regex": ["ansi-regex@5.0.1", "", {}, ""],

    "boolean": ["boolean@3.2.0", "", {}, ""],

    "bun-types": ["bun-types@1.3.5", "", { "dependencies": { "@types/node": "*" } }, "sha512-inmAYe2PFLs0SUbFOWSVD24sg1jFlMPxOjOSSCYqUgn4Hsc3rDc7dFvfVYjFPNHtov6kgUeulV4SxbuIV/stPw=="],

    "chownr": ["chownr@2.0.0", "", {}, ""],

    "cli-progress": ["cli-progress@3.12.0", "", { "dependencies": { "string-width": "^4.2.3" } }, ""],

    "define-data-property": ["define-data-property@1.1.4", "", { "dependencies": { "es-define-property": "^1.0.0", "es-errors": "^1.3.0", "gopd": "^1.0.1" } }, ""],

    "define-properties": ["define-properties@1.2.1", "", { "dependencies": { "define-data-property": "^1.0.1", "has-property-descriptors": "^1.0.0", "object-keys": "^1.1.1" } }, ""],

    "detect-node": ["detect-node@2.1.0", "", {}, ""],

    "emoji-regex": ["emoji-regex@8.0.0", "", {}, ""],

    "es-define-property": ["es-define-property@1.0.1", "", {}, ""],

    "es-errors": ["es-errors@1.3.0", "", {}, ""],

    "es6-error": ["es6-error@4.1.1", "", {}, ""],

    "escape-string-regexp": ["escape-string-regexp@4.0.0", "", {}, ""],

    "fastembed": ["fastembed@2.1.0", "", { "dependencies": { "@anush008/tokenizers": "^0.0.0", "@huggingface/hub": "^2.7.1", "onnxruntime-node": "1.21.0", "progress": "^2.0.3", "tar": "^6.2.0" } }, "sha512-oQkpcRHBppJ3+a3w9dU0uytSY0N1cnEa/iVMc8AXEd+tvT529GekOEFhNviJy89R3lvQXF6cdIMTXHj1Gi00xQ=="],

    "fs-minipass": ["fs-minipass@2.1.0", "", { "dependencies": { "minipass": "^3.0.0" } }, ""],

    "global-agent": ["global-agent@3.0.0", "", { "dependencies": { "boolean": "^3.0.1", "es6-error": "^4.1.1", "matcher": "^3.0.0", "roarr": "^2.15.3", "semver": "^7.3.2", "serialize-error": "^7.0.1" } }, ""],

    "globalthis": ["globalthis@1.0.4", "", { "dependencies": { "define-properties": "^1.2.1", "gopd": "^1.0.1" } }, ""],

    "gopd": ["gopd@1.2.0", "", {}, ""],

    "has-property-descriptors": ["has-property-descriptors@1.0.2", "", { "dependencies": { "es-define-property": "^1.0.0" } }, ""],

    "is-fullwidth-code-point": ["is-fullwidth-code-point@3.0.0", "", {}, ""],

    "json-stringify-safe": ["json-stringify-safe@5.0.1", "", {}, ""],

    "matcher": ["matcher@3.0.0", "", { "dependencies": { "escape-string-regexp": "^4.0.0" } }, ""],

    "minipass": ["minipass@5.0.0", "", {}, ""],

    "minizlib": ["minizlib@2.1.2", "", { "dependencies": { "minipass": "^3.0.0", "yallist": "^4.0.0" } }, ""],

    "mkdirp": ["mkdirp@1.0.4", "", { "bin": "bin/cmd.js" }, ""],

    "object-keys": ["object-keys@1.1.1", "", {}, ""],

    "onnxruntime-common": ["onnxruntime-common@1.21.0", "", {}, ""],

    "onnxruntime-node": ["onnxruntime-node@1.21.0", "", { "dependencies": { "global-agent": "^3.0.0", "onnxruntime-common": "1.21.0", "tar": "^7.0.1" }, "os": [ "linux", "win32", "darwin", ] }, ""],

    "progress": ["progress@2.0.3", "", {}, ""],

    "roarr": ["roarr@2.15.4", "", { "dependencies": { "boolean": "^3.0.1", "detect-node": "^2.0.4", "globalthis": "^1.0.1", "json-stringify-safe": "^5.0.1", "semver-compare": "^1.0.0", "sprintf-js": "^1.1.2" } }, ""],

    "semver": ["semver@7.7.3", "", { "bin": "bin/semver.js" }, ""],

    "semver-compare": ["semver-compare@1.0.0", "", {}, ""],

    "serialize-error": ["serialize-error@7.0.1", "", { "dependencies": { "type-fest": "^0.13.1" } }, ""],

    "sprintf-js": ["sprintf-js@1.1.3", "", {}, ""],

    "string-width": ["string-width@4.2.3", "", { "dependencies": { "emoji-regex": "^8.0.0", "is-fullwidth-code-point": "^3.0.0", "strip-ansi": "^6.0.1" } }, ""],

    "strip-ansi": ["strip-ansi@6.0.1", "", { "dependencies": { "ansi-regex": "^5.0.1" } }, ""],

    "tar": ["tar@6.2.1", "", { "dependencies": { "chownr": "^2.0.0", "fs-minipass": "^2.0.0", "minipass": "^5.0.0", "minizlib": "^2.1.1", "mkdirp": "^1.0.3", "yallist": "^4.0.0" } }, ""],

    "type-fest": ["type-fest@0.13.1", "", {}, ""],

    "typescript": ["typescript@5.9.3", "", { "bin": { "tsc": "bin/tsc", "tsserver": "bin/tsserver" } }, "sha512-jl1vZzPDinLr9eUt3J/t7V6FgNEw9QjvBPdysz9KfQDD41fQrC2Y4vKQdiaUpFT4bXlb1RHhLpp8wtm6M5TgSw=="],

    "undici-types": ["undici-types@6.21.0", "", {}, ""],

    "yallist": ["yallist@4.0.0", "", {}, ""],

    "zod": ["zod@4.1.8", "", {}, ""],

    "@isaacs/fs-minipass/minipass": ["minipass@7.1.2", "", {}, ""],

    "fs-minipass/minipass": ["minipass@3.3.6", "", { "dependencies": { "yallist": "^4.0.0" } }, ""],

    "minizlib/minipass": ["minipass@3.3.6", "", { "dependencies": { "yallist": "^4.0.0" } }, ""],

    "onnxruntime-node/tar": ["tar@7.5.2", "", { "dependencies": { "@isaacs/fs-minipass": "^4.0.0", "chownr": "^3.0.0", "minipass": "^7.1.2", "minizlib": "^3.1.0", "yallist": "^5.0.0" } }, ""],

    "onnxruntime-node/tar/chownr": ["chownr@3.0.0", "", {}, ""],

    "onnxruntime-node/tar/minipass": ["minipass@7.1.2", "", {}, ""],

    "onnxruntime-node/tar/minizlib": ["minizlib@3.1.0", "", { "dependencies": { "minipass": "^7.1.2" } }, ""],

    "onnxruntime-node/tar/yallist": ["yallist@5.0.0", "", {}, ""],
  }
}
